<Solution>
  <Folder Name="/functions/">
    <Project Path="functions/MessageModerationLambda/MessageModerationLambda.csproj" />
    <Project Path="functions/MessageSubmissionLambda/MessageSubmissionLambda.csproj" />
  </Folder>
  <Folder Name="/tests/">
    <Project Path="tests/MessageModerationLambda.Tests/MessageModerationLambda.Tests.csproj" />
    <Project Path="tests/MessageSubmissionLambda.Tests/MessageSubmissionLambda.Tests.csproj" />
  </Folder>
</Solution>
